// !$*UTF8*$!
{
	archiveVersion = 1;
	classes = {
	};
	objectVersion = 46;
	objects = {

/* Begin PBXBuildFile section */
		F14E70EF1C5B4A13009A4D6C /* (null) in Sources */ = {isa = PBXBuildFile; };
		F14E70F21C5B4A13009A4D6C /* main.cpp in Sources */ = {isa = PBXBuildFile; fileRef = F14E70F11C5B4A13009A4D6C /* main.cpp */; };
		F14E71091C5B625E009A4D6C /* Application.cpp in Sources */ = {isa = PBXBuildFile; fileRef = F14E71011C5B625E009A4D6C /* Application.cpp */; };
		F14E710A1C5B625E009A4D6C /* Game.cpp in Sources */ = {isa = PBXBuildFile; fileRef = F14E71031C5B625E009A4D6C /* Game.cpp */; };
		F1CC0E1E1C5C78B200FA43FA /* Map.cpp in Sources */ = {isa = PBXBuildFile; fileRef = F1CC0E1C1C5C78B200FA43FA /* Map.cpp */; };
		F1CC0E241C5C9E7100FA43FA /* Worker.cpp in Sources */ = {isa = PBXBuildFile; fileRef = F1CC0E221C5C9E7100FA43FA /* Worker.cpp */; };
		F1CC0E271C5CA69C00FA43FA /* WorkerPool.cpp in Sources */ = {isa = PBXBuildFile; fileRef = F1CC0E251C5CA69C00FA43FA /* WorkerPool.cpp */; };
		F1CC0E2A1C5CB94B00FA43FA /* Ritual.cpp in Sources */ = {isa = PBXBuildFile; fileRef = F1CC0E281C5CB94B00FA43FA /* Ritual.cpp */; };
		F1CC0E2E1C5D2FCE00FA43FA /* WeaponsUI.cpp in Sources */ = {isa = PBXBuildFile; fileRef = F1CC0E2C1C5D2FCE00FA43FA /* WeaponsUI.cpp */; };
/* End PBXBuildFile section */

/* Begin PBXFileReference section */
		F14E70E91C5B4A13009A4D6C /* GGJGame.app */ = {isa = PBXFileReference; explicitFileType = wrapper.application; includeInIndex = 0; path = GGJGame.app; sourceTree = BUILT_PRODUCTS_DIR; };
		F14E70ED1C5B4A13009A4D6C /* GGJGame-Info.plist */ = {isa = PBXFileReference; lastKnownFileType = text.plist.xml; path = "GGJGame-Info.plist"; sourceTree = "<group>"; };
		F14E70F11C5B4A13009A4D6C /* main.cpp */ = {isa = PBXFileReference; lastKnownFileType = sourcecode.cpp.cpp; path = main.cpp; sourceTree = "<group>"; };
		F14E71011C5B625E009A4D6C /* Application.cpp */ = {isa = PBXFileReference; fileEncoding = 4; lastKnownFileType = sourcecode.cpp.cpp; path = Application.cpp; sourceTree = "<group>"; };
		F14E71021C5B625E009A4D6C /* Application.h */ = {isa = PBXFileReference; fileEncoding = 4; lastKnownFileType = sourcecode.c.h; path = Application.h; sourceTree = "<group>"; };
		F14E71031C5B625E009A4D6C /* Game.cpp */ = {isa = PBXFileReference; fileEncoding = 4; lastKnownFileType = sourcecode.cpp.cpp; path = Game.cpp; sourceTree = "<group>"; };
		F14E71041C5B625E009A4D6C /* Game.h */ = {isa = PBXFileReference; fileEncoding = 4; lastKnownFileType = sourcecode.c.h; path = Game.h; sourceTree = "<group>"; };
		F14E71051C5B625E009A4D6C /* GameObject.h */ = {isa = PBXFileReference; fileEncoding = 4; lastKnownFileType = sourcecode.c.h; path = GameObject.h; sourceTree = "<group>"; };
		F14E71081C5B625E009A4D6C /* State.h */ = {isa = PBXFileReference; fileEncoding = 4; lastKnownFileType = sourcecode.c.h; path = State.h; sourceTree = "<group>"; };
		F1CC0E1C1C5C78B200FA43FA /* Map.cpp */ = {isa = PBXFileReference; fileEncoding = 4; lastKnownFileType = sourcecode.cpp.cpp; path = Map.cpp; sourceTree = "<group>"; };
		F1CC0E1D1C5C78B200FA43FA /* Map.h */ = {isa = PBXFileReference; fileEncoding = 4; lastKnownFileType = sourcecode.c.h; path = Map.h; sourceTree = "<group>"; };
		F1CC0E221C5C9E7100FA43FA /* Worker.cpp */ = {isa = PBXFileReference; fileEncoding = 4; lastKnownFileType = sourcecode.cpp.cpp; path = Worker.cpp; sourceTree = "<group>"; };
		F1CC0E231C5C9E7100FA43FA /* Worker.h */ = {isa = PBXFileReference; fileEncoding = 4; lastKnownFileType = sourcecode.c.h; path = Worker.h; sourceTree = "<group>"; };
		F1CC0E251C5CA69C00FA43FA /* WorkerPool.cpp */ = {isa = PBXFileReference; fileEncoding = 4; lastKnownFileType = sourcecode.cpp.cpp; path = WorkerPool.cpp; sourceTree = "<group>"; };
		F1CC0E261C5CA69C00FA43FA /* WorkerPool.h */ = {isa = PBXFileReference; fileEncoding = 4; lastKnownFileType = sourcecode.c.h; path = WorkerPool.h; sourceTree = "<group>"; };
		F1CC0E281C5CB94B00FA43FA /* Ritual.cpp */ = {isa = PBXFileReference; fileEncoding = 4; lastKnownFileType = sourcecode.cpp.cpp; path = Ritual.cpp; sourceTree = "<group>"; };
		F1CC0E291C5CB94B00FA43FA /* Ritual.h */ = {isa = PBXFileReference; fileEncoding = 4; lastKnownFileType = sourcecode.c.h; path = Ritual.h; sourceTree = "<group>"; };
		F1CC0E2B1C5CBE3E00FA43FA /* Command.h */ = {isa = PBXFileReference; lastKnownFileType = sourcecode.c.h; path = Command.h; sourceTree = "<group>"; };
		F1CC0E2C1C5D2FCE00FA43FA /* WeaponsUI.cpp */ = {isa = PBXFileReference; fileEncoding = 4; lastKnownFileType = sourcecode.cpp.cpp; path = WeaponsUI.cpp; sourceTree = "<group>"; };
		F1CC0E2D1C5D2FCE00FA43FA /* WeaponsUI.h */ = {isa = PBXFileReference; fileEncoding = 4; lastKnownFileType = sourcecode.c.h; path = WeaponsUI.h; sourceTree = "<group>"; };
/* End PBXFileReference section */

/* Begin PBXFrameworksBuildPhase section */
		F14E70E51C5B4A13009A4D6C /* Frameworks */ = {
			isa = PBXFrameworksBuildPhase;
			buildActionMask = 2147483647;
			files = (
			);
			runOnlyForDeploymentPostprocessing = 0;
		};
/* End PBXFrameworksBuildPhase section */

/* Begin PBXGroup section */
		F14E70DF1C5B4A13009A4D6C = {
			isa = PBXGroup;
			children = (
				F14E70EB1C5B4A13009A4D6C /* GGJGame */,
				F14E70EA1C5B4A13009A4D6C /* Products */,
			);
			sourceTree = "<group>";
		};
		F14E70EA1C5B4A13009A4D6C /* Products */ = {
			isa = PBXGroup;
			children = (
				F14E70E91C5B4A13009A4D6C /* GGJGame.app */,
			);
			name = Products;
			sourceTree = "<group>";
		};
		F14E70EB1C5B4A13009A4D6C /* GGJGame */ = {
			isa = PBXGroup;
			children = (
				F1CC0E281C5CB94B00FA43FA /* Ritual.cpp */,
				F1CC0E291C5CB94B00FA43FA /* Ritual.h */,
				F14E71011C5B625E009A4D6C /* Application.cpp */,
				F14E71021C5B625E009A4D6C /* Application.h */,
				F14E71031C5B625E009A4D6C /* Game.cpp */,
				F14E71041C5B625E009A4D6C /* Game.h */,
				F14E71051C5B625E009A4D6C /* GameObject.h */,
				F14E71081C5B625E009A4D6C /* State.h */,
				F14E70F11C5B4A13009A4D6C /* main.cpp */,
				F14E70EC1C5B4A13009A4D6C /* Supporting Files */,
				F1CC0E1C1C5C78B200FA43FA /* Map.cpp */,
				F1CC0E1D1C5C78B200FA43FA /* Map.h */,
				F1CC0E221C5C9E7100FA43FA /* Worker.cpp */,
				F1CC0E231C5C9E7100FA43FA /* Worker.h */,
				F1CC0E251C5CA69C00FA43FA /* WorkerPool.cpp */,
				F1CC0E261C5CA69C00FA43FA /* WorkerPool.h */,
				F1CC0E2B1C5CBE3E00FA43FA /* Command.h */,
				F1CC0E2C1C5D2FCE00FA43FA /* WeaponsUI.cpp */,
				F1CC0E2D1C5D2FCE00FA43FA /* WeaponsUI.h */,
			);
			path = GGJGame;
			sourceTree = "<group>";
		};
		F14E70EC1C5B4A13009A4D6C /* Supporting Files */ = {
			isa = PBXGroup;
			children = (
				F14E70ED1C5B4A13009A4D6C /* GGJGame-Info.plist */,
			);
			name = "Supporting Files";
			sourceTree = "<group>";
		};
/* End PBXGroup section */

/* Begin PBXNativeTarget section */
		F14E70E81C5B4A13009A4D6C /* GGJGame */ = {
			isa = PBXNativeTarget;
			buildConfigurationList = F14E70FE1C5B4A13009A4D6C /* Build configuration list for PBXNativeTarget "GGJGame" */;
			buildPhases = (
				F14E70E41C5B4A13009A4D6C /* Sources */,
				F14E70E51C5B4A13009A4D6C /* Frameworks */,
				F14E70E61C5B4A13009A4D6C /* Resources */,
				F14E70E71C5B4A13009A4D6C /* ShellScript */,
			);
			buildRules = (
			);
			dependencies = (
			);
			name = GGJGame;
			productName = GGJGame;
			productReference = F14E70E91C5B4A13009A4D6C /* GGJGame.app */;
			productType = "com.apple.product-type.application";
		};
/* End PBXNativeTarget section */

/* Begin PBXProject section */
		F14E70E01C5B4A13009A4D6C /* Project object */ = {
			isa = PBXProject;
			attributes = {
				LastUpgradeCheck = 0620;
				TargetAttributes = {
					F14E70E81C5B4A13009A4D6C = {
						CreatedOnToolsVersion = 6.2;
					};
				};
			};
			buildConfigurationList = F14E70E31C5B4A13009A4D6C /* Build configuration list for PBXProject "GGJGame" */;
			compatibilityVersion = "Xcode 3.2";
			developmentRegion = English;
			hasScannedForEncodings = 0;
			knownRegions = (
				en,
			);
			mainGroup = F14E70DF1C5B4A13009A4D6C;
			productRefGroup = F14E70EA1C5B4A13009A4D6C /* Products */;
			projectDirPath = "";
			projectRoot = "";
			targets = (
				F14E70E81C5B4A13009A4D6C /* GGJGame */,
			);
		};
/* End PBXProject section */

/* Begin PBXResourcesBuildPhase section */
		F14E70E61C5B4A13009A4D6C /* Resources */ = {
			isa = PBXResourcesBuildPhase;
			buildActionMask = 2147483647;
			files = (
			);
			runOnlyForDeploymentPostprocessing = 0;
		};
/* End PBXResourcesBuildPhase section */

/* Begin PBXShellScriptBuildPhase section */
		F14E70E71C5B4A13009A4D6C /* ShellScript */ = {
			isa = PBXShellScriptBuildPhase;
			buildActionMask = 2147483647;
			files = (
			);
			inputPaths = (
			);
			outputPaths = (
			);
			runOnlyForDeploymentPostprocessing = 0;
			shellPath = /bin/sh;
			shellScript = "# This shell script simply copies required SFML dylibs/frameworks into the application bundle frameworks folder.\n# If you're using static libraries (which is not recommended) you should remove this script from your project.\n\n# SETTINGS\nCMAKE_INSTALL_FRAMEWORK_PREFIX=\"/Library/Frameworks\"\nCMAKE_INSTALL_LIB_PREFIX=\"/usr/local/lib\"\nFRAMEWORKS_FULL_PATH=\"$BUILT_PRODUCTS_DIR/$FRAMEWORKS_FOLDER_PATH/\"\n\n# Are we building a project that uses frameworks or dylibs?\ncase \"$SFML_BINARY_TYPE\" in\n    DYLIBS)\n        frameworks=\"false\"\n        ;;\n    *)\n        frameworks=\"true\"\n        ;;\nesac\n\n# Echoes to stderr\nerror () # $* message to display\n{\n    echo $* 1>&2\n    exit 2\n}\n\nassert () # $1 is a boolean, $2...N is an error message\n{\n    if [ $# -lt 2 ]\n    then\n        error \"Internal error in assert: not enough args\"\n    fi\n\n    if [ $1 -ne 0 ]\n    then\n        shift\n        error \"$*\"\n    fi\n}\n\nforce_remove () # $@ is some paths\n{\n    test $# -ge 1\n    assert $? \"force_remove() requires at least one parameter\"\n    rm -fr $@\n    assert $? \"couldn't remove $@\"\n}\n\ncopy () # $1 is a source, $2 is a destination\n{\n    test $# -eq 2\n    assert $? \"copy() requires two parameters\"\n    ditto \"$1\" \"$2\"\n    assert $? \"couldn't copy $1 to $2\"\n}\n\nrequire () # $1 is a SFML module like 'system' or 'audio'\n{\n    dest=\"$BUILT_PRODUCTS_DIR/$FRAMEWORKS_FOLDER_PATH/\"\n\n    if [ -z \"$1\" ]\n    then\n        error \"require() requires one parameter!\"\n    else\n        # clean potentially old stuff\n        force_remove \"$dest/libsfml-$1\"*\n        force_remove \"$dest/sfml-$1.framework\"\n\n        # copy SFML libraries\n        if [ \"$frameworks\" = \"true\" ]\n        then\n            source=\"$CMAKE_INSTALL_FRAMEWORK_PREFIX/sfml-$1.framework\"\n            target=\"sfml-$1.framework\"\n        elif [ \"$SFML_LINK_DYLIBS_SUFFIX\" = \"-d\" ]\n        then\n            source=\"$CMAKE_INSTALL_LIB_PREFIX/libsfml-$1-d.dylib\"\n            target=\"`readlink $source`\"\n        else\n            source=\"$CMAKE_INSTALL_LIB_PREFIX/libsfml-$1.dylib\"\n            target=\"`readlink $source`\"\n        fi\n\n        copy \"$source\" \"$dest/$target\"\n\n        # copy extra dependencies\n        if [ \"$1\" = \"audio\" ]\n        then\n            # copy \"FLAC\" \"ogg\" \"vorbis\" \"vorbisenc\" \"vorbisfile\" \"OpenAL\" frameworks too\n            for f in \"FLAC\" \"ogg\" \"vorbis\" \"vorbisenc\" \"vorbisfile\" \"OpenAL\"\n            do\n                copy \"$CMAKE_INSTALL_FRAMEWORK_PREFIX/$f.framework\" \"$dest/$f.framework\"\n            done\n        elif [ \"$1\" = \"graphics\" ]\n        then\n            copy \"$CMAKE_INSTALL_FRAMEWORK_PREFIX/freetype.framework\" \"$dest/freetype.framework\"\n        fi\n    fi\n}\n\nif [ -n \"$SFML_SYSTEM\" ]\nthen\n    require \"system\"\nfi\n\nif [ -n \"$SFML_AUDIO\" ]\nthen\n    require \"audio\"\nfi\n\nif [ -n \"$SFML_NETWORK\" ]\nthen\n    require \"network\"\nfi\n\nif [ -n \"$SFML_WINDOW\" ]\nthen\n    require \"window\"\nfi\n\nif [ -n \"$SFML_GRAPHICS\" ]\nthen\n    require \"graphics\"\nfi\n\n                ";
		};
/* End PBXShellScriptBuildPhase section */

/* Begin PBXSourcesBuildPhase section */
		F14E70E41C5B4A13009A4D6C /* Sources */ = {
			isa = PBXSourcesBuildPhase;
			buildActionMask = 2147483647;
			files = (
				F1CC0E1E1C5C78B200FA43FA /* Map.cpp in Sources */,
				F14E70F21C5B4A13009A4D6C /* main.cpp in Sources */,
				F14E70EF1C5B4A13009A4D6C /* (null) in Sources */,
				F1CC0E2E1C5D2FCE00FA43FA /* WeaponsUI.cpp in Sources */,
				F1CC0E271C5CA69C00FA43FA /* WorkerPool.cpp in Sources */,
				F1CC0E2A1C5CB94B00FA43FA /* Ritual.cpp in Sources */,
				F14E71091C5B625E009A4D6C /* Application.cpp in Sources */,
				F14E710A1C5B625E009A4D6C /* Game.cpp in Sources */,
				F1CC0E241C5C9E7100FA43FA /* Worker.cpp in Sources */,
			);
			runOnlyForDeploymentPostprocessing = 0;
		};
/* End PBXSourcesBuildPhase section */

/* Begin XCBuildConfiguration section */
		F14E70FC1C5B4A13009A4D6C /* Debug */ = {
			isa = XCBuildConfiguration;
			buildSettings = {
				ARCHS = (
					i386,
					x86_64,
				);
				CLANG_CXX_LANGUAGE_STANDARD = "c++0x";
				CLANG_CXX_LIBRARY = "libc++";
				FRAMEWORK_SEARCH_PATHS = (
					/Library/Frameworks/,
					"$(inherited)",
				);
				GCC_VERSION = com.apple.compilers.llvm.clang.1_0;
				HEADER_SEARCH_PATHS = (
					/usr/local/include/,
					"$(inherited)",
				);
				LIBRARY_SEARCH_PATHS = (
					/usr/local/lib/,
					"$(inherited)",
				);
				MACOSX_DEPLOYMENT_TARGET = 10.7;
				OTHER_LDFLAGS = (
					"$(inherited)",
					"$(SFML_SYSTEM)",
					"$(SFML_WINDOW)",
					"$(SFML_GRAPHICS)",
					"$(SFML_AUDIO)",
					"$(SFML_NETWORK)",
				);
				SFML_AUDIO = "$(SFML_LINK_PREFIX) sfml-audio$(SFML_LINK_SUFFIX)";
				SFML_BINARY_TYPE = FRAMEWORKS;
				SFML_GRAPHICS = "$(SFML_LINK_PREFIX) sfml-graphics$(SFML_LINK_SUFFIX)";
				SFML_LINK_DYLIBS_PREFIX = "-l";
				SFML_LINK_DYLIBS_SUFFIX = "";
				SFML_LINK_FRAMEWORKS_PREFIX = "-framework";
				SFML_LINK_FRAMEWORKS_SUFFIX = "";
				SFML_LINK_PREFIX = "$(SFML_LINK_$(SFML_BINARY_TYPE)_PREFIX)";
				SFML_LINK_SUFFIX = "$(SFML_LINK_$(SFML_BINARY_TYPE)_SUFFIX)";
				SFML_NETWORK = "";
				SFML_SYSTEM = "$(SFML_LINK_PREFIX) sfml-system$(SFML_LINK_SUFFIX)";
				SFML_WINDOW = "$(SFML_LINK_PREFIX) sfml-window$(SFML_LINK_SUFFIX)";
				SUPPORTED_PLATFORMS = macosx;
			};
			name = Debug;
		};
		F14E70FD1C5B4A13009A4D6C /* Release */ = {
			isa = XCBuildConfiguration;
			buildSettings = {
				ARCHS = (
					i386,
					x86_64,
				);
				CLANG_CXX_LANGUAGE_STANDARD = "c++0x";
				CLANG_CXX_LIBRARY = "libc++";
				FRAMEWORK_SEARCH_PATHS = (
					/Library/Frameworks/,
					"$(inherited)",
				);
				GCC_VERSION = com.apple.compilers.llvm.clang.1_0;
				HEADER_SEARCH_PATHS = (
					/usr/local/include/,
					"$(inherited)",
				);
				LIBRARY_SEARCH_PATHS = (
					/usr/local/lib/,
					"$(inherited)",
				);
				MACOSX_DEPLOYMENT_TARGET = 10.7;
				OTHER_LDFLAGS = (
					"$(inherited)",
					"$(SFML_SYSTEM)",
					"$(SFML_WINDOW)",
					"$(SFML_GRAPHICS)",
					"$(SFML_AUDIO)",
					"$(SFML_NETWORK)",
				);
				SFML_AUDIO = "$(SFML_LINK_PREFIX) sfml-audio$(SFML_LINK_SUFFIX)";
				SFML_BINARY_TYPE = FRAMEWORKS;
				SFML_GRAPHICS = "$(SFML_LINK_PREFIX) sfml-graphics$(SFML_LINK_SUFFIX)";
				SFML_LINK_DYLIBS_PREFIX = "-l";
				SFML_LINK_DYLIBS_SUFFIX = "";
				SFML_LINK_FRAMEWORKS_PREFIX = "-framework";
				SFML_LINK_FRAMEWORKS_SUFFIX = "";
				SFML_LINK_PREFIX = "$(SFML_LINK_$(SFML_BINARY_TYPE)_PREFIX)";
				SFML_LINK_SUFFIX = "$(SFML_LINK_$(SFML_BINARY_TYPE)_SUFFIX)";
				SFML_NETWORK = "";
				SFML_SYSTEM = "$(SFML_LINK_PREFIX) sfml-system$(SFML_LINK_SUFFIX)";
				SFML_WINDOW = "$(SFML_LINK_PREFIX) sfml-window$(SFML_LINK_SUFFIX)";
				SUPPORTED_PLATFORMS = macosx;
			};
			name = Release;
		};
		F14E70FF1C5B4A13009A4D6C /* Debug */ = {
			isa = XCBuildConfiguration;
			buildSettings = {
				INFOPLIST_FILE = "GGJGame/GGJGame-Info.plist";
				LD_RUNPATH_SEARCH_PATHS = "@loader_path/../Frameworks";
				PRODUCT_NAME = "$(TARGET_NAME)";
			};
			name = Debug;
		};
		F14E71001C5B4A13009A4D6C /* Release */ = {
			isa = XCBuildConfiguration;
			buildSettings = {
				INFOPLIST_FILE = "GGJGame/GGJGame-Info.plist";
				LD_RUNPATH_SEARCH_PATHS = "@loader_path/../Frameworks";
				PRODUCT_NAME = "$(TARGET_NAME)";
			};
			name = Release;
		};
/* End XCBuildConfiguration section */

/* Begin XCConfigurationList section */
		F14E70E31C5B4A13009A4D6C /* Build configuration list for PBXProject "GGJGame" */ = {
			isa = XCConfigurationList;
			buildConfigurations = (
				F14E70FC1C5B4A13009A4D6C /* Debug */,
				F14E70FD1C5B4A13009A4D6C /* Release */,
			);
			defaultConfigurationIsVisible = 0;
			defaultConfigurationName = Release;
		};
		F14E70FE1C5B4A13009A4D6C /* Build configuration list for PBXNativeTarget "GGJGame" */ = {
			isa = XCConfigurationList;
			buildConfigurations = (
				F14E70FF1C5B4A13009A4D6C /* Debug */,
				F14E71001C5B4A13009A4D6C /* Release */,
			);
			defaultConfigurationIsVisible = 0;
			defaultConfigurationName = Release;
		};
/* End XCConfigurationList section */
	};
	rootObject = F14E70E01C5B4A13009A4D6C /* Project object */;
}
